
Microsoft Visual Studio Solution File, Format Version 12.00
# Visual Studio 15
VisualStudioVersion = 15.0.28307.136
MinimumVisualStudioVersion = 10.0.40219.1
Project("{FAE04EC0-301F-11D3-BF4B-00C04F79EFBC}") = "SessionManagementApp", "SessionManagementApp\SessionManagementApp.csproj", "{ABAA23A0-693A-484B-81AA-8B11D8700F65}"
EndProject
Global
	GlobalSection(SolutionConfigurationPlatforms) = preSolution
		Debug|Any CPU = Debug|Any CPU
		Release|Any CPU = Release|Any CPU
	EndGlobalSection
	GlobalSection(ProjectConfigurationPlatforms) = postSolution
		{ABAA23A0-693A-484B-81AA-8B11D8700F65}.Debug|Any CPU.ActiveCfg = Debug|Any CPU
		{ABAA23A0-693A-484B-81AA-8B11D8700F65}.Debug|Any CPU.Build.0 = Debug|Any CPU
		{ABAA23A0-693A-484B-81AA-8B11D8700F65}.Release|Any CPU.ActiveCfg = Release|Any CPU
		{ABAA23A0-693A-484B-81AA-8B11D8700F65}.Release|Any CPU.Build.0 = Release|Any CPU
	EndGlobalSection
	GlobalSection(SolutionProperties) = preSolution
		HideSolutionNode = FALSE
	EndGlobalSection
	GlobalSection(ExtensibilityGlobals) = postSolution
		SolutionGuid = {68CC28A1-3BCB-410F-9918-8EF89175DA09}
	EndGlobalSection
EndGlobal
